{
  "name": "tomato-tap",
  "version": "0.3.0",
  "lockfileVersion": 3,
  "requires": true,
  "packages": {
    "": {
      "name": "tomato-tap",
      "version": "0.3.0",
      "license": "PolyForm-Noncommercial-1.0.0",
      "bin": {
        "mimo-tap": "bin/mimo-tap.mjs",
        "tomato-tap": "bin/tomato-tap.mjs"
      },
      "engines": {
        "node": ">=20"
      }
    }
  }
}
